github.com/atotto/clipboard v0.1.0 h1:pw3q0vqdkRc2qob0PLEZo3NFSQehzW2dgSdbMI75kEs=
github.com/atotto/clipboard v0.1.0/go.mod h1:ZY9tmq7sm5xIbd9bOK4onWV4S6X0u6GY7Vn0Yu86PYI=
github.com/bclicn/color v0.0.0-20161123064900-4c02eff8a28c h1:4QTLRzbqCBA556uxh/q9KmUWtrtpEJHNXLuzeVmAcoM=
github.com/bclicn/color v0.0.0-20161123064900-4c02eff8a28c/go.mod h1:Va9ap1qxjAWkIVaW1E9rH0aNgE8SDI5A4n8Ds8P0fAA=
github.com/coreos/bbolt v1.3.1-coreos.6 h1:uTXKg9gY70s9jMAKdfljFQcuh4e/BXOM+V+d00KFj3A=
github.com/coreos/bbolt v1.3.1-coreos.6/go.mod h1:iRUV2dpdMOn7Bo10OQBFzIJO9kkE559Wcmn+qkEiiKk=
github.com/davecgh/go-spew v1.1.0 h1:ZDRjVQ15GmhC3fiQ8ni8+OwkZQO4DARzQgrnXU1Liz8=
github.com/davecgh/go-spew v1.1.0/go.mod h1:J7Y8YcW2NihsgmVo/mv3lAwl/skON4iLHjSsI+c5H38=
github.com/dustin/go-humanize v0.0.0-20180421182945-02af3965c54e h1:Fw7ZmgiklsLh5EQWyHh1sumKSCG1+yjEctIpGKib87s=
github.com/dustin/go-humanize v0.0.0-20180421182945-02af3965c54e/go.mod h1:HtrtbFcZ19U5GC7JDqmcUSB87Iq5E25KnS6fMYU6eOk=
github.com/mitchellh/go-homedir v0.0.0-20161203194507-b8bc1bf76747 h1:eQox4Rh4ewJF+mqYPxCkmBAirRnPaHEB26UkNuPyjlk=
github.com/mitchellh/go-homedir v0.0.0-20161203194507-b8bc1bf76747/go.mod h1:SfyaCUpYCn1Vlf4IUYiD9fPX4A5wJrkLzIz1N1q0pr0=
github.com/pmezard/go-difflib v1.0.0 h1:4DBwDE0NGyQoBHbLQYPwSUPoCMWR5BEzIk/f1lZbAQM=
github.com/pmezard/go-difflib v1.0.0/go.mod h1:iKH77koFhYxTK1pcRnkKkqfTogsbg7gZNVY4sRDYZ/4=
github.com/stretchr/testify v1.2.1 h1:52QO5WkIUcHGIR7EnGagH88x1bUzqGXTC5/1bDTUQ7U=
github.com/stretchr/testify v1.2.1/go.mod h1:a8OnRcib4nhh0OaRAV+Yts87kKdq0PP7pXfy6kDkUVs=
golang.org/x/sys v0.0.0-20180820145501-1a700e749ce2/go.mod h1:STP8DvDyc/dI5b8T5hshtkjS+E42TnysNCUPdjciGhY=
